# shellcheck shell=bash
# Immutable upstream and toolchain inputs for the XGC2 Lichtblick package.
LICHTBLICK_REPOSITORY=https://github.com/lichtblick-suite/lichtblick.git
LICHTBLICK_REF=v1.27.0
LICHTBLICK_SHA=c40602b77dfe5c90f67dbd5ac4e394f044a6fbc2
LICHTBLICK_VERSION=1.27.0
LICHTBLICK_NODE_MAJOR=20
LICHTBLICK_NODE_VERSION=20.19.5
LICHTBLICK_NODE_X64_SHA256=315046739a513a70e03a4a55a8afda8cf979f30852e576075c340084e3f8ac0f
LICHTBLICK_NODE_ARM64_SHA256=d462267863ae8ee556039ebdf559055a8ec562c633889ef1403f3adb449ba1dd
LICHTBLICK_YARN_VERSION=4.17.0
# Official architecture-specific portable FPM assets from
# electron-userland/electron-builder-binaries release fpm@2.2.1.
LICHTBLICK_FPM_RELEASE=2.2.1
LICHTBLICK_FPM_VERSION=1.17.0
LICHTBLICK_FPM_RUBY_VERSION=3.4.3
LICHTBLICK_FPM_AMD64_ARCHIVE=fpm-1.17.0-ruby-3.4.3-linux-amd64.7z
LICHTBLICK_FPM_AMD64_SHA256=2ef73acbcbfd26503369cb3a9b0345aa7fae251d69130537ee6ff47b402f828e
LICHTBLICK_FPM_ARM64_ARCHIVE=fpm-1.17.0-ruby-3.4.3-linux-arm64v8.7z
LICHTBLICK_FPM_ARM64_SHA256=553f047eacbc63423bae1eca5958bcdc720c1f6f4135cb815f5ec99f48d3bd55
